
Microsoft Visual Studio Solution File, Format Version 12.00
# Visual Studio Version 17
VisualStudioVersion = 17.2.32516.85
MinimumVisualStudioVersion = 10.0.40219.1
Project("{FAE04EC0-301F-11D3-BF4B-00C04F79EFBC}") = "JogoXadrez", "JogoXadrez\JogoXadrez.csproj", "{A6DED7AE-5A4D-496F-8BFA-520CD0957758}"
EndProject
Global
	GlobalSection(SolutionConfigurationPlatforms) = preSolution
		Debug|Any CPU = Debug|Any CPU
		Release|Any CPU = Release|Any CPU
	EndGlobalSection
	GlobalSection(ProjectConfigurationPlatforms) = postSolution
		{A6DED7AE-5A4D-496F-8BFA-520CD0957758}.Debug|Any CPU.ActiveCfg = Debug|Any CPU
		{A6DED7AE-5A4D-496F-8BFA-520CD0957758}.Debug|Any CPU.Build.0 = Debug|Any CPU
		{A6DED7AE-5A4D-496F-8BFA-520CD0957758}.Release|Any CPU.ActiveCfg = Release|Any CPU
		{A6DED7AE-5A4D-496F-8BFA-520CD0957758}.Release|Any CPU.Build.0 = Release|Any CPU
	EndGlobalSection
	GlobalSection(SolutionProperties) = preSolution
		HideSolutionNode = FALSE
	EndGlobalSection
	GlobalSection(ExtensibilityGlobals) = postSolution
		SolutionGuid = {87B7DFF2-F2CF-4EB7-A18D-67922CC5F43D}
	EndGlobalSection
EndGlobal
